
Microsoft Visual Studio Solution File, Format Version 12.00
# Visual Studio 15
VisualStudioVersion = 15.0.27130.2026
MinimumVisualStudioVersion = 10.0.40219.1
Project("{FAE04EC0-301F-11D3-BF4B-00C04F79EFBC}") = "GearCraftClient", "GearCraftClient\GearCraftClient.csproj", "{F575F1FB-87BA-4E31-888D-314B216B35A5}"
EndProject
Project("{FAE04EC0-301F-11D3-BF4B-00C04F79EFBC}") = "GearCraftTests", "GearCraftTests\GearCraftTests.csproj", "{6F16752A-FEB8-4AF7-B8D3-303EF6F65C79}"
EndProject
Global
	GlobalSection(SolutionConfigurationPlatforms) = preSolution
		Debug|Any CPU = Debug|Any CPU
		Release|Any CPU = Release|Any CPU
	EndGlobalSection
	GlobalSection(ProjectConfigurationPlatforms) = postSolution
		{F575F1FB-87BA-4E31-888D-314B216B35A5}.Debug|Any CPU.ActiveCfg = Debug|Any CPU
		{F575F1FB-87BA-4E31-888D-314B216B35A5}.Debug|Any CPU.Build.0 = Debug|Any CPU
		{F575F1FB-87BA-4E31-888D-314B216B35A5}.Release|Any CPU.ActiveCfg = Release|Any CPU
		{F575F1FB-87BA-4E31-888D-314B216B35A5}.Release|Any CPU.Build.0 = Release|Any CPU
		{6F16752A-FEB8-4AF7-B8D3-303EF6F65C79}.Debug|Any CPU.ActiveCfg = Debug|Any CPU
		{6F16752A-FEB8-4AF7-B8D3-303EF6F65C79}.Debug|Any CPU.Build.0 = Debug|Any CPU
		{6F16752A-FEB8-4AF7-B8D3-303EF6F65C79}.Release|Any CPU.ActiveCfg = Release|Any CPU
		{6F16752A-FEB8-4AF7-B8D3-303EF6F65C79}.Release|Any CPU.Build.0 = Release|Any CPU
	EndGlobalSection
	GlobalSection(SolutionProperties) = preSolution
		HideSolutionNode = FALSE
	EndGlobalSection
	GlobalSection(ExtensibilityGlobals) = postSolution
		SolutionGuid = {D041BF0F-5A94-44EB-92AC-6E92C14710E5}
	EndGlobalSection
EndGlobal
